// !$*UTF8*$!
{
	archiveVersion = 1;
	classes = {
	};
	objectVersion = 77;
	objects = {

/* Begin PBXBuildFile section */
		42EFCA402F280C4500537FED /* LearntShare.appex in Embed Foundation Extensions */ = {isa = PBXBuildFile; fileRef = 42EFCA362F280C4500537FED /* LearntShare.appex */; settings = {ATTRIBUTES = (RemoveHeadersOnCopy, ); }; };
/* End PBXBuildFile section */

/* Begin PBXContainerItemProxy section */
		423BC7F02F0B51490082C6A1 /* PBXContainerItemProxy */ = {
			isa = PBXContainerItemProxy;
			containerPortal = 423BC7D82F0B51460082C6A1 /* Project object */;
			proxyType = 1;
			remoteGlobalIDString = 423BC7DF2F0B51460082C6A1;
			remoteInfo = Learnt;
		};
		423BC7FA2F0B51490082C6A1 /* PBXContainerItemProxy */ = {
			isa = PBXContainerItemProxy;
			containerPortal = 423BC7D82F0B51460082C6A1 /* Project object */;
			proxyType = 1;
			remoteGlobalIDString = 423BC7DF2F0B51460082C6A1;
			remoteInfo = Learnt;
		};
		42EFCA3E2F280C4500537FED /* PBXContainerItemProxy */ = {
			isa = PBXContainerItemProxy;
			containerPortal = 423BC7D82F0B51460082C6A1 /* Project object */;
			proxyType = 1;
			remoteGlobalIDString = 42EFCA352F280C4500537FED;
			remoteInfo = LearntShare;
		};
/* End PBXContainerItemProxy section */

/* Begin PBXCopyFilesBuildPhase section */
		42EFC9F52F2729C200537FED /* Embed Foundation Extensions */ = {
			isa = PBXCopyFilesBuildPhase;
			buildActionMask = 2147483647;
			dstPath = "";
			dstSubfolderSpec = 13;
			files = (
				42EFCA402F280C4500537FED /* LearntShare.appex in Embed Foundation Extensions */,
			);
			name = "Embed Foundation Extensions";
			runOnlyForDeploymentPostprocessing = 0;
		};
/* End PBXCopyFilesBuildPhase section */

/* Begin PBXFileReference section */
		423BC7E02F0B51460082C6A1 /* Learnt.app */ = {isa = PBXFileReference; explicitFileType = wrapper.application; includeInIndex = 0; path = Learnt.app; sourceTree = BUILT_PRODUCTS_DIR; };
		423BC7EF2F0B51490082C6A1 /* LearntTests.xctest */ = {isa = PBXFileReference; explicitFileType = wrapper.cfbundle; includeInIndex = 0; path = LearntTests.xctest; sourceTree = BUILT_PRODUCTS_DIR; };
		423BC7F92F0B51490082C6A1 /* LearntUITests.xctest */ = {isa = PBXFileReference; explicitFileType = wrapper.cfbundle; includeInIndex = 0; path = LearntUITests.xctest; sourceTree = BUILT_PRODUCTS_DIR; };
		42EFCA362F280C4500537FED /* LearntShare.appex */ = {isa = PBXFileReference; explicitFileType = "wrapper.app-extension"; includeInIndex = 0; path = LearntShare.appex; sourceTree = BUILT_PRODUCTS_DIR; };
/* End PBXFileReference section */

/* Begin PBXFileSystemSynchronizedBuildFileExceptionSet section */
		42EFCA412F280C4500537FED /* Exceptions for "LearntShare" folder in "LearntShare" target */ = {
			isa = PBXFileSystemSynchronizedBuildFileExceptionSet;
			membershipExceptions = (
				Info.plist,
			);
			target = 42EFCA352F280C4500537FED /* LearntShare */;
		};
/* End PBXFileSystemSynchronizedBuildFileExceptionSet section */

/* Begin PBXFileSystemSynchronizedRootGroup section */
		423BC7E22F0B51460082C6A1 /* Learnt */ = {
			isa = PBXFileSystemSynchronizedRootGroup;
			path = Learnt;
			sourceTree = "<group>";
		};
		423BC7F22F0B51490082C6A1 /* LearntTests */ = {
			isa = PBXFileSystemSynchronizedRootGroup;
			path = LearntTests;
			sourceTree = "<group>";
		};
		423BC7FC2F0B51490082C6A1 /* LearntUITests */ = {
			isa = PBXFileSystemSynchronizedRootGroup;
			path = LearntUITests;
			sourceTree = "<group>";
		};
		42EFCA372F280C4500537FED /* LearntShare */ = {
			isa = PBXFileSystemSynchronizedRootGroup;
			exceptions = (
				42EFCA412F280C4500537FED /* Exceptions for "LearntShare" folder in "LearntShare" target */,
			);
			path = LearntShare;
			sourceTree = "<group>";
		};
/* End PBXFileSystemSynchronizedRootGroup section */

/* Begin PBXFrameworksBuildPhase section */
		423BC7DD2F0B51460082C6A1 /* Frameworks */ = {
			isa = PBXFrameworksBuildPhase;
			buildActionMask = 2147483647;
			files = (
			);
			runOnlyForDeploymentPostprocessing = 0;
		};
		423BC7EC2F0B51490082C6A1 /* Frameworks */ = {
			isa = PBXFrameworksBuildPhase;
			buildActionMask = 2147483647;
			files = (
			);
			runOnlyForDeploymentPostprocessing = 0;
		};
		423BC7F62F0B51490082C6A1 /* Frameworks */ = {
			isa = PBXFrameworksBuildPhase;
			buildActionMask = 2147483647;
			files = (
			);
			runOnlyForDeploymentPostprocessing = 0;
		};
		42EFCA332F280C4500537FED /* Frameworks */ = {
			isa = PBXFrameworksBuildPhase;
			buildActionMask = 2147483647;
			files = (
			);
			runOnlyForDeploymentPostprocessing = 0;
		};
/* End PBXFrameworksBuildPhase section */

/* Begin PBXGroup section */
		423BC7D72F0B51460082C6A1 = {
			isa = PBXGroup;
			children = (
				423BC7E22F0B51460082C6A1 /* Learnt */,
				423BC7F22F0B51490082C6A1 /* LearntTests */,
				423BC7FC2F0B51490082C6A1 /* LearntUITests */,
				42EFCA372F280C4500537FED /* LearntShare */,
				423BC7E12F0B51460082C6A1 /* Products */,
			);
			sourceTree = "<group>";
		};
		423BC7E12F0B51460082C6A1 /* Products */ = {
			isa = PBXGroup;
			children = (
				423BC7E02F0B51460082C6A1 /* Learnt.app */,
				423BC7EF2F0B51490082C6A1 /* LearntTests.xctest */,
				423BC7F92F0B51490082C6A1 /* LearntUITests.xctest */,
				42EFCA362F280C4500537FED /* LearntShare.appex */,
			);
			name = Products;
			sourceTree = "<group>";
		};
/* End PBXGroup section */

/* Begin PBXNativeTarget section */
		423BC7DF2F0B51460082C6A1 /* Learnt */ = {
			isa = PBXNativeTarget;
			buildConfigurationList = 423BC8032F0B51490082C6A1 /* Build configuration list for PBXNativeTarget "Learnt" */;
			buildPhases = (
				423BC7DC2F0B51460082C6A1 /* Sources */,
				423BC7DD2F0B51460082C6A1 /* Frameworks */,
				423BC7DE2F0B51460082C6A1 /* Resources */,
				42EFC9F52F2729C200537FED /* Embed Foundation Extensions */,
			);
			buildRules = (
			);
			dependencies = (
				42EFCA3F2F280C4500537FED /* PBXTargetDependency */,
			);
			fileSystemSynchronizedGroups = (
				423BC7E22F0B51460082C6A1 /* Learnt */,
			);
			name = Learnt;
			packageProductDependencies = (
			);
			productName = Learnt;
			productReference = 423BC7E02F0B51460082C6A1 /* Learnt.app */;
			productType = "com.apple.product-type.application";
		};
		423BC7EE2F0B51490082C6A1 /* LearntTests */ = {
			isa = PBXNativeTarget;
			buildConfigurationList = 423BC8062F0B51490082C6A1 /* Build configuration list for PBXNativeTarget "LearntTests" */;
			buildPhases = (
				423BC7EB2F0B51490082C6A1 /* Sources */,
				423BC7EC2F0B51490082C6A1 /* Frameworks */,
				423BC7ED2F0B51490082C6A1 /* Resources */,
			);
			buildRules = (
			);
			dependencies = (
				423BC7F12F0B51490082C6A1 /* PBXTargetDependency */,
			);
			fileSystemSynchronizedGroups = (
				423BC7F22F0B51490082C6A1 /* LearntTests */,
			);
			name = LearntTests;
			packageProductDependencies = (
			);
			productName = LearntTests;
			productReference = 423BC7EF2F0B51490082C6A1 /* LearntTests.xctest */;
			productType = "com.apple.product-type.bundle.unit-test";
		};
		423BC7F82F0B51490082C6A1 /* LearntUITests */ = {
			isa = PBXNativeTarget;
			buildConfigurationList = 423BC8092F0B51490082C6A1 /* Build configuration list for PBXNativeTarget "LearntUITests" */;
			buildPhases = (
				423BC7F52F0B51490082C6A1 /* Sources */,
				423BC7F62F0B51490082C6A1 /* Frameworks */,
				423BC7F72F0B51490082C6A1 /* Resources */,
			);
			buildRules = (
			);
			dependencies = (
				423BC7FB2F0B51490082C6A1 /* PBXTargetDependency */,
			);
			fileSystemSynchronizedGroups = (
				423BC7FC2F0B51490082C6A1 /* LearntUITests */,
			);
			name = LearntUITests;
			packageProductDependencies = (
			);
			productName = LearntUITests;
			productReference = 423BC7F92F0B51490082C6A1 /* LearntUITests.xctest */;
			productType = "com.apple.product-type.bundle.ui-testing";
		};
		42EFCA352F280C4500537FED /* LearntShare */ = {
			isa = PBXNativeTarget;
			buildConfigurationList = 42EFCA422F280C4500537FED /* Build configuration list for PBXNativeTarget "LearntShare" */;
			buildPhases = (
				42EFCA322F280C4500537FED /* Sources */,
				42EFCA332F280C4500537FED /* Frameworks */,
				42EFCA342F280C4500537FED /* Resources */,
			);
			buildRules = (
			);
			dependencies = (
			);
			fileSystemSynchronizedGroups = (
				42EFCA372F280C4500537FED /* LearntShare */,
			);
			name = LearntShare;
			packageProductDependencies = (
			);
			productName = LearntShare;
			productReference = 42EFCA362F280C4500537FED /* LearntShare.appex */;
			productType = "com.apple.product-type.app-extension";
		};
/* End PBXNativeTarget section */

/* Begin PBXProject section */
		423BC7D82F0B51460082C6A1 /* Project object */ = {
			isa = PBXProject;
			attributes = {
				BuildIndependentTargetsInParallel = 1;
				LastSwiftUpdateCheck = 2620;
				LastUpgradeCheck = 1640;
				TargetAttributes = {
					423BC7DF2F0B51460082C6A1 = {
						CreatedOnToolsVersion = 16.4;
					};
					423BC7EE2F0B51490082C6A1 = {
						CreatedOnToolsVersion = 16.4;
						TestTargetID = 423BC7DF2F0B51460082C6A1;
					};
					423BC7F82F0B51490082C6A1 = {
						CreatedOnToolsVersion = 16.4;
						TestTargetID = 423BC7DF2F0B51460082C6A1;
					};
					42EFCA352F280C4500537FED = {
						CreatedOnToolsVersion = 26.2;
					};
				};
			};
			buildConfigurationList = 423BC7DB2F0B51460082C6A1 /* Build configuration list for PBXProject "Learnt" */;
			developmentRegion = en;
			hasScannedForEncodings = 0;
			knownRegions = (
				en,
				Base,
			);
			mainGroup = 423BC7D72F0B51460082C6A1;
			minimizedProjectReferenceProxies = 1;
			preferredProjectObjectVersion = 77;
			productRefGroup = 423BC7E12F0B51460082C6A1 /* Products */;
			projectDirPath = "";
			projectRoot = "";
			targets = (
				423BC7DF2F0B51460082C6A1 /* Learnt */,
				423BC7EE2F0B51490082C6A1 /* LearntTests */,
				423BC7F82F0B51490082C6A1 /* LearntUITests */,
				42EFCA352F280C4500537FED /* LearntShare */,
			);
		};
/* End PBXProject section */

/* Begin PBXResourcesBuildPhase section */
		423BC7DE2F0B51460082C6A1 /* Resources */ = {
			isa = PBXResourcesBuildPhase;
			buildActionMask = 2147483647;
			files = (
			);
			runOnlyForDeploymentPostprocessing = 0;
		};
		423BC7ED2F0B51490082C6A1 /* Resources */ = {
			isa = PBXResourcesBuildPhase;
			buildActionMask = 2147483647;
			files = (
			);
			runOnlyForDeploymentPostprocessing = 0;
		};
		423BC7F72F0B51490082C6A1 /* Resources */ = {
			isa = PBXResourcesBuildPhase;
			buildActionMask = 2147483647;
			files = (
			);
			runOnlyForDeploymentPostprocessing = 0;
		};
		42EFCA342F280C4500537FED /* Resources */ = {
			isa = PBXResourcesBuildPhase;
			buildActionMask = 2147483647;
			files = (
			);
			runOnlyForDeploymentPostprocessing = 0;
		};
/* End PBXResourcesBuildPhase section */

/* Begin PBXSourcesBuildPhase section */
		423BC7DC2F0B51460082C6A1 /* Sources */ = {
			isa = PBXSourcesBuildPhase;
			buildActionMask = 2147483647;
			files = (
			);
			runOnlyForDeploymentPostprocessing = 0;
		};
		423BC7EB2F0B51490082C6A1 /* Sources */ = {
			isa = PBXSourcesBuildPhase;
			buildActionMask = 2147483647;
			files = (
			);
			runOnlyForDeploymentPostprocessing = 0;
		};
		423BC7F52F0B51490082C6A1 /* Sources */ = {
			isa = PBXSourcesBuildPhase;
			buildActionMask = 2147483647;
			files = (
			);
			runOnlyForDeploymentPostprocessing = 0;
		};
		42EFCA322F280C4500537FED /* Sources */ = {
			isa = PBXSourcesBuildPhase;
			buildActionMask = 2147483647;
			files = (
			);
			runOnlyForDeploymentPostprocessing = 0;
		};
/* End PBXSourcesBuildPhase section */

/* Begin PBXTargetDependency section */
		423BC7F12F0B51490082C6A1 /* PBXTargetDependency */ = {
			isa = PBXTargetDependency;
			target = 423BC7DF2F0B51460082C6A1 /* Learnt */;
			targetProxy = 423BC7F02F0B51490082C6A1 /* PBXContainerItemProxy */;
		};
		423BC7FB2F0B51490082C6A1 /* PBXTargetDependency */ = {
			isa = PBXTargetDependency;
			target = 423BC7DF2F0B51460082C6A1 /* Learnt */;
			targetProxy = 423BC7FA2F0B51490082C6A1 /* PBXContainerItemProxy */;
		};
		42EFCA3F2F280C4500537FED /* PBXTargetDependency */ = {
			isa = PBXTargetDependency;
			target = 42EFCA352F280C4500537FED /* LearntShare */;
			targetProxy = 42EFCA3E2F280C4500537FED /* PBXContainerItemProxy */;
		};
/* End PBXTargetDependency section */

/* Begin XCBuildConfiguration section */
		423BC8012F0B51490082C6A1 /* Debug */ = {
			isa = XCBuildConfiguration;
			buildSettings = {
				ALWAYS_SEARCH_USER_PATHS = NO;
				ASSETCATALOG_COMPILER_GENERATE_SWIFT_ASSET_SYMBOL_EXTENSIONS = YES;
				CLANG_ANALYZER_NONNULL = YES;
				CLANG_ANALYZER_NUMBER_OBJECT_CONVERSION = YES_AGGRESSIVE;
				CLANG_CXX_LANGUAGE_STANDARD = "gnu++20";
				CLANG_ENABLE_MODULES = YES;
				CLANG_ENABLE_OBJC_ARC = YES;
				CLANG_ENABLE_OBJC_WEAK = YES;
				CLANG_WARN_BLOCK_CAPTURE_AUTORELEASING = YES;
				CLANG_WARN_BOOL_CONVERSION = YES;
				CLANG_WARN_COMMA = YES;
				CLANG_WARN_CONSTANT_CONVERSION = YES;
				CLANG_WARN_DEPRECATED_OBJC_IMPLEMENTATIONS = YES;
				CLANG_WARN_DIRECT_OBJC_ISA_USAGE = YES_ERROR;
				CLANG_WARN_DOCUMENTATION_COMMENTS = YES;
				CLANG_WARN_EMPTY_BODY = YES;
				CLANG_WARN_ENUM_CONVERSION = YES;
				CLANG_WARN_INFINITE_RECURSION = YES;
				CLANG_WARN_INT_CONVERSION = YES;
				CLANG_WARN_NON_LITERAL_NULL_CONVERSION = YES;
				CLANG_WARN_OBJC_IMPLICIT_RETAIN_SELF = YES;
				CLANG_WARN_OBJC_LITERAL_CONVERSION = YES;
				CLANG_WARN_OBJC_ROOT_CLASS = YES_ERROR;
				CLANG_WARN_QUOTED_INCLUDE_IN_FRAMEWORK_HEADER = YES;
				CLANG_WARN_RANGE_LOOP_ANALYSIS = YES;
				CLANG_WARN_STRICT_PROTOTYPES = YES;
				CLANG_WARN_SUSPICIOUS_MOVE = YES;
				CLANG_WARN_UNGUARDED_AVAILABILITY = YES_AGGRESSIVE;
				CLANG_WARN_UNREACHABLE_CODE = YES;
				CLANG_WARN__DUPLICATE_METHOD_MATCH = YES;
				COPY_PHASE_STRIP = NO;
				DEBUG_INFORMATION_FORMAT = dwarf;
				DEVELOPMENT_TEAM = QG6G79PBA9;
				ENABLE_STRICT_OBJC_MSGSEND = YES;
				ENABLE_TESTABILITY = YES;
				ENABLE_USER_SCRIPT_SANDBOXING = YES;
				GCC_C_LANGUAGE_STANDARD = gnu17;
				GCC_DYNAMIC_NO_PIC = NO;
				GCC_NO_COMMON_BLOCKS = YES;
				GCC_OPTIMIZATION_LEVEL = 0;
				GCC_PREPROCESSOR_DEFINITIONS = (
					"DEBUG=1",
					"$(inherited)",
				);
				GCC_WARN_64_TO_32_BIT_CONVERSION = YES;
				GCC_WARN_ABOUT_RETURN_TYPE = YES_ERROR;
				GCC_WARN_UNDECLARED_SELECTOR = YES;
				GCC_WARN_UNINITIALIZED_AUTOS = YES_AGGRESSIVE;
				GCC_WARN_UNUSED_FUNCTION = YES;
				GCC_WARN_UNUSED_VARIABLE = YES;
				IPHONEOS_DEPLOYMENT_TARGET = 18.5;
				LOCALIZATION_PREFERS_STRING_CATALOGS = YES;
				MTL_ENABLE_DEBUG_INFO = INCLUDE_SOURCE;
				MTL_FAST_MATH = YES;
				ONLY_ACTIVE_ARCH = YES;
				SDKROOT = iphoneos;
				SWIFT_ACTIVE_COMPILATION_CONDITIONS = "DEBUG $(inherited)";
				SWIFT_OPTIMIZATION_LEVEL = "-Onone";
			};
			name = Debug;
		};
		423BC8022F0B51490082C6A1 /* Release */ = {
			isa = XCBuildConfiguration;
			buildSettings = {
				ALWAYS_SEARCH_USER_PATHS = NO;
				ASSETCATALOG_COMPILER_GENERATE_SWIFT_ASSET_SYMBOL_EXTENSIONS = YES;
				CLANG_ANALYZER_NONNULL = YES;
				CLANG_ANALYZER_NUMBER_OBJECT_CONVERSION = YES_AGGRESSIVE;
				CLANG_CXX_LANGUAGE_STANDARD = "gnu++20";
				CLANG_ENABLE_MODULES = YES;
				CLANG_ENABLE_OBJC_ARC = YES;
				CLANG_ENABLE_OBJC_WEAK = YES;
				CLANG_WARN_BLOCK_CAPTURE_AUTORELEASING = YES;
				CLANG_WARN_BOOL_CONVERSION = YES;
				CLANG_WARN_COMMA = YES;
				CLANG_WARN_CONSTANT_CONVERSION = YES;
				CLANG_WARN_DEPRECATED_OBJC_IMPLEMENTATIONS = YES;
				CLANG_WARN_DIRECT_OBJC_ISA_USAGE = YES_ERROR;
				CLANG_WARN_DOCUMENTATION_COMMENTS = YES;
				CLANG_WARN_EMPTY_BODY = YES;
				CLANG_WARN_ENUM_CONVERSION = YES;
				CLANG_WARN_INFINITE_RECURSION = YES;
				CLANG_WARN_INT_CONVERSION = YES;
				CLANG_WARN_NON_LITERAL_NULL_CONVERSION = YES;
				CLANG_WARN_OBJC_IMPLICIT_RETAIN_SELF = YES;
				CLANG_WARN_OBJC_LITERAL_CONVERSION = YES;
				CLANG_WARN_OBJC_ROOT_CLASS = YES_ERROR;
				CLANG_WARN_QUOTED_INCLUDE_IN_FRAMEWORK_HEADER = YES;
				CLANG_WARN_RANGE_LOOP_ANALYSIS = YES;
				CLANG_WARN_STRICT_PROTOTYPES = YES;
				CLANG_WARN_SUSPICIOUS_MOVE = YES;
				CLANG_WARN_UNGUARDED_AVAILABILITY = YES_AGGRESSIVE;
				CLANG_WARN_UNREACHABLE_CODE = YES;
				CLANG_WARN__DUPLICATE_METHOD_MATCH = YES;
				COPY_PHASE_STRIP = NO;
				DEBUG_INFORMATION_FORMAT = "dwarf-with-dsym";
				DEVELOPMENT_TEAM = QG6G79PBA9;
				ENABLE_NS_ASSERTIONS = NO;
				ENABLE_STRICT_OBJC_MSGSEND = YES;
				ENABLE_USER_SCRIPT_SANDBOXING = YES;
				GCC_C_LANGUAGE_STANDARD = gnu17;
				GCC_NO_COMMON_BLOCKS = YES;
				GCC_WARN_64_TO_32_BIT_CONVERSION = YES;
				GCC_WARN_ABOUT_RETURN_TYPE = YES_ERROR;
				GCC_WARN_UNDECLARED_SELECTOR = YES;
				GCC_WARN_UNINITIALIZED_AUTOS = YES_AGGRESSIVE;
				GCC_WARN_UNUSED_FUNCTION = YES;
				GCC_WARN_UNUSED_VARIABLE = YES;
				IPHONEOS_DEPLOYMENT_TARGET = 18.5;
				LOCALIZATION_PREFERS_STRING_CATALOGS = YES;
				MTL_ENABLE_DEBUG_INFO = NO;
				MTL_FAST_MATH = YES;
				SDKROOT = iphoneos;
				SWIFT_COMPILATION_MODE = wholemodule;
				VALIDATE_PRODUCT = YES;
			};
			name = Release;
		};
		423BC8042F0B51490082C6A1 /* Debug */ = {
			isa = XCBuildConfiguration;
			buildSettings = {
				ASSETCATALOG_COMPILER_APPICON_NAME = AppIcon;
				ASSETCATALOG_COMPILER_GLOBAL_ACCENT_COLOR_NAME = AccentColor;
				ASSETCATALOG_COMPILER_INCLUDE_ALL_APPICON_ASSETS = YES;
				CODE_SIGN_ENTITLEMENTS = Learnt/Learnt.entitlements;
				CODE_SIGN_STYLE = Automatic;
				CURRENT_PROJECT_VERSION = 1;
				DEVELOPMENT_TEAM = QG6G79PBA9;
				ENABLE_PREVIEWS = YES;
				GENERATE_INFOPLIST_FILE = YES;
				INFOPLIST_KEY_NSMicrophoneUsageDescription = "Learnt needs microphone access to record voice entries.";
				INFOPLIST_KEY_NSSpeechRecognitionUsageDescription = "Learnt uses speech recognition to transcribe your voice entries.";
				INFOPLIST_KEY_UIApplicationSceneManifest_Generation = YES;
				INFOPLIST_KEY_UIApplicationSupportsIndirectInputEvents = YES;
				INFOPLIST_KEY_UILaunchScreen_Generation = YES;
				INFOPLIST_KEY_UISupportedInterfaceOrientations_iPhone = UIInterfaceOrientationPortrait;
				LD_RUNPATH_SEARCH_PATHS = (
					"$(inherited)",
					"@executable_path/Frameworks",
				);
				MARKETING_VERSION = 1.0;
				PRODUCT_BUNDLE_IDENTIFIER = com.sameer.Learnt;
				PRODUCT_NAME = "$(TARGET_NAME)";
				SWIFT_EMIT_LOC_STRINGS = YES;
				SWIFT_VERSION = 5.0;
				TARGETED_DEVICE_FAMILY = 1;
			};
			name = Debug;
		};
		423BC8052F0B51490082C6A1 /* Release */ = {
			isa = XCBuildConfiguration;
			buildSettings = {
				ASSETCATALOG_COMPILER_APPICON_NAME = AppIcon;
				ASSETCATALOG_COMPILER_GLOBAL_ACCENT_COLOR_NAME = AccentColor;
				ASSETCATALOG_COMPILER_INCLUDE_ALL_APPICON_ASSETS = YES;
				CODE_SIGN_ENTITLEMENTS = Learnt/Learnt.entitlements;
				CODE_SIGN_STYLE = Automatic;
				CURRENT_PROJECT_VERSION = 1;
				DEVELOPMENT_TEAM = QG6G79PBA9;
				ENABLE_PREVIEWS = YES;
				GENERATE_INFOPLIST_FILE = YES;
				INFOPLIST_KEY_NSMicrophoneUsageDescription = "Learnt needs microphone access to record voice entries.";
				INFOPLIST_KEY_NSSpeechRecognitionUsageDescription = "Learnt uses speech recognition to transcribe your voice entries.";
				INFOPLIST_KEY_UIApplicationSceneManifest_Generation = YES;
				INFOPLIST_KEY_UIApplicationSupportsIndirectInputEvents = YES;
				INFOPLIST_KEY_UILaunchScreen_Generation = YES;
				INFOPLIST_KEY_UISupportedInterfaceOrientations_iPhone = UIInterfaceOrientationPortrait;
				LD_RUNPATH_SEARCH_PATHS = (
					"$(inherited)",
					"@executable_path/Frameworks",
				);
				MARKETING_VERSION = 1.0;
				PRODUCT_BUNDLE_IDENTIFIER = com.sameer.Learnt;
				PRODUCT_NAME = "$(TARGET_NAME)";
				SWIFT_EMIT_LOC_STRINGS = YES;
				SWIFT_VERSION = 5.0;
				TARGETED_DEVICE_FAMILY = 1;
			};
			name = Release;
		};
		423BC8072F0B51490082C6A1 /* Debug */ = {
			isa = XCBuildConfiguration;
			buildSettings = {
				BUNDLE_LOADER = "$(TEST_HOST)";
				CODE_SIGN_STYLE = Automatic;
				CURRENT_PROJECT_VERSION = 1;
				DEVELOPMENT_TEAM = QG6G79PBA9;
				GENERATE_INFOPLIST_FILE = YES;
				IPHONEOS_DEPLOYMENT_TARGET = 18.5;
				MARKETING_VERSION = 1.0;
				PRODUCT_BUNDLE_IDENTIFIER = com.sameer.LearntTests;
				PRODUCT_NAME = "$(TARGET_NAME)";
				SWIFT_EMIT_LOC_STRINGS = NO;
				SWIFT_VERSION = 5.0;
				TARGETED_DEVICE_FAMILY = "1,2";
				TEST_HOST = "$(BUILT_PRODUCTS_DIR)/Learnt.app/$(BUNDLE_EXECUTABLE_FOLDER_PATH)/Learnt";
			};
			name = Debug;
		};
		423BC8082F0B51490082C6A1 /* Release */ = {
			isa = XCBuildConfiguration;
			buildSettings = {
				BUNDLE_LOADER = "$(TEST_HOST)";
				CODE_SIGN_STYLE = Automatic;
				CURRENT_PROJECT_VERSION = 1;
				DEVELOPMENT_TEAM = QG6G79PBA9;
				GENERATE_INFOPLIST_FILE = YES;
				IPHONEOS_DEPLOYMENT_TARGET = 18.5;
				MARKETING_VERSION = 1.0;
				PRODUCT_BUNDLE_IDENTIFIER = com.sameer.LearntTests;
				PRODUCT_NAME = "$(TARGET_NAME)";
				SWIFT_EMIT_LOC_STRINGS = NO;
				SWIFT_VERSION = 5.0;
				TARGETED_DEVICE_FAMILY = "1,2";
				TEST_HOST = "$(BUILT_PRODUCTS_DIR)/Learnt.app/$(BUNDLE_EXECUTABLE_FOLDER_PATH)/Learnt";
			};
			name = Release;
		};
		423BC80A2F0B51490082C6A1 /* Debug */ = {
			isa = XCBuildConfiguration;
			buildSettings = {
				CODE_SIGN_STYLE = Automatic;
				CURRENT_PROJECT_VERSION = 1;
				DEVELOPMENT_TEAM = QG6G79PBA9;
				GENERATE_INFOPLIST_FILE = YES;
				MARKETING_VERSION = 1.0;
				PRODUCT_BUNDLE_IDENTIFIER = com.sameer.LearntUITests;
				PRODUCT_NAME = "$(TARGET_NAME)";
				SWIFT_EMIT_LOC_STRINGS = NO;
				SWIFT_VERSION = 5.0;
				TARGETED_DEVICE_FAMILY = "1,2";
				TEST_TARGET_NAME = Learnt;
			};
			name = Debug;
		};
		423BC80B2F0B51490082C6A1 /* Release */ = {
			isa = XCBuildConfiguration;
			buildSettings = {
				CODE_SIGN_STYLE = Automatic;
				CURRENT_PROJECT_VERSION = 1;
				DEVELOPMENT_TEAM = QG6G79PBA9;
				GENERATE_INFOPLIST_FILE = YES;
				MARKETING_VERSION = 1.0;
				PRODUCT_BUNDLE_IDENTIFIER = com.sameer.LearntUITests;
				PRODUCT_NAME = "$(TARGET_NAME)";
				SWIFT_EMIT_LOC_STRINGS = NO;
				SWIFT_VERSION = 5.0;
				TARGETED_DEVICE_FAMILY = "1,2";
				TEST_TARGET_NAME = Learnt;
			};
			name = Release;
		};
		42EFCA432F280C4500537FED /* Debug */ = {
			isa = XCBuildConfiguration;
			buildSettings = {
				CODE_SIGN_ENTITLEMENTS = LearntShare/LearntShare.entitlements;
				CODE_SIGN_STYLE = Automatic;
				CURRENT_PROJECT_VERSION = 1;
				DEVELOPMENT_TEAM = QG6G79PBA9;
				GENERATE_INFOPLIST_FILE = YES;
				INFOPLIST_FILE = LearntShare/Info.plist;
				INFOPLIST_KEY_CFBundleDisplayName = LearntShare;
				INFOPLIST_KEY_NSHumanReadableCopyright = "";
				IPHONEOS_DEPLOYMENT_TARGET = 18.5;
				LD_RUNPATH_SEARCH_PATHS = (
					"$(inherited)",
					"@executable_path/Frameworks",
					"@executable_path/../../Frameworks",
				);
				MARKETING_VERSION = 1.0;
				PRODUCT_BUNDLE_IDENTIFIER = com.sameer.Learnt.LearntShare;
				PRODUCT_NAME = "$(TARGET_NAME)";
				SKIP_INSTALL = YES;
				STRING_CATALOG_GENERATE_SYMBOLS = YES;
				SWIFT_APPROACHABLE_CONCURRENCY = YES;
				SWIFT_EMIT_LOC_STRINGS = YES;
				SWIFT_UPCOMING_FEATURE_MEMBER_IMPORT_VISIBILITY = YES;
				SWIFT_VERSION = 5.0;
				TARGETED_DEVICE_FAMILY = "1,2";
			};
			name = Debug;
		};
		42EFCA442F280C4500537FED /* Release */ = {
			isa = XCBuildConfiguration;
			buildSettings = {
				CODE_SIGN_ENTITLEMENTS = LearntShare/LearntShare.entitlements;
				CODE_SIGN_STYLE = Automatic;
				CURRENT_PROJECT_VERSION = 1;
				DEVELOPMENT_TEAM = QG6G79PBA9;
				GENERATE_INFOPLIST_FILE = YES;
				INFOPLIST_FILE = LearntShare/Info.plist;
				INFOPLIST_KEY_CFBundleDisplayName = LearntShare;
				INFOPLIST_KEY_NSHumanReadableCopyright = "";
				IPHONEOS_DEPLOYMENT_TARGET = 18.5;
				LD_RUNPATH_SEARCH_PATHS = (
					"$(inherited)",
					"@executable_path/Frameworks",
					"@executable_path/../../Frameworks",
				);
				MARKETING_VERSION = 1.0;
				PRODUCT_BUNDLE_IDENTIFIER = com.sameer.Learnt.LearntShare;
				PRODUCT_NAME = "$(TARGET_NAME)";
				SKIP_INSTALL = YES;
				STRING_CATALOG_GENERATE_SYMBOLS = YES;
				SWIFT_APPROACHABLE_CONCURRENCY = YES;
				SWIFT_EMIT_LOC_STRINGS = YES;
				SWIFT_UPCOMING_FEATURE_MEMBER_IMPORT_VISIBILITY = YES;
				SWIFT_VERSION = 5.0;
				TARGETED_DEVICE_FAMILY = "1,2";
			};
			name = Release;
		};
/* End XCBuildConfiguration section */

/* Begin XCConfigurationList section */
		423BC7DB2F0B51460082C6A1 /* Build configuration list for PBXProject "Learnt" */ = {
			isa = XCConfigurationList;
			buildConfigurations = (
				423BC8012F0B51490082C6A1 /* Debug */,
				423BC8022F0B51490082C6A1 /* Release */,
			);
			defaultConfigurationIsVisible = 0;
			defaultConfigurationName = Release;
		};
		423BC8032F0B51490082C6A1 /* Build configuration list for PBXNativeTarget "Learnt" */ = {
			isa = XCConfigurationList;
			buildConfigurations = (
				423BC8042F0B51490082C6A1 /* Debug */,
				423BC8052F0B51490082C6A1 /* Release */,
			);
			defaultConfigurationIsVisible = 0;
			defaultConfigurationName = Release;
		};
		423BC8062F0B51490082C6A1 /* Build configuration list for PBXNativeTarget "LearntTests" */ = {
			isa = XCConfigurationList;
			buildConfigurations = (
				423BC8072F0B51490082C6A1 /* Debug */,
				423BC8082F0B51490082C6A1 /* Release */,
			);
			defaultConfigurationIsVisible = 0;
			defaultConfigurationName = Release;
		};
		423BC8092F0B51490082C6A1 /* Build configuration list for PBXNativeTarget "LearntUITests" */ = {
			isa = XCConfigurationList;
			buildConfigurations = (
				423BC80A2F0B51490082C6A1 /* Debug */,
				423BC80B2F0B51490082C6A1 /* Release */,
			);
			defaultConfigurationIsVisible = 0;
			defaultConfigurationName = Release;
		};
		42EFCA422F280C4500537FED /* Build configuration list for PBXNativeTarget "LearntShare" */ = {
			isa = XCConfigurationList;
			buildConfigurations = (
				42EFCA432F280C4500537FED /* Debug */,
				42EFCA442F280C4500537FED /* Release */,
			);
			defaultConfigurationIsVisible = 0;
			defaultConfigurationName = Release;
		};
/* End XCConfigurationList section */
	};
	rootObject = 423BC7D82F0B51460082C6A1 /* Project object */;
}
